{
  "name": "zenn-notion-sync",
  "version": "1.0.0",
  "lockfileVersion": 3,
  "requires": true,
  "packages": {
    "": {
      "name": "zenn-notion-sync",
      "version": "1.0.0",
      "license": "ISC",
      "dependencies": {
        "@notionhq/client": "^5.9.0",
        "zenn-cli": "^0.2.3"
      }
    },
    "node_modules/@notionhq/client": {
      "version": "5.9.0",
      "resolved": "https://registry.npmjs.org/@notionhq/client/-/client-5.9.0.tgz",
      "integrity": "sha512-TvAVMfwtVv61hsPrRfB9ehgzSjX6DaAi1ZRAnpg8xFjzaXhzhEfbO0PhBRm3ecSv1azDuO2kBuyQHh2/z7G4YQ==",
      "license": "MIT",
      "engines": {
        "node": ">=18"
      }
    },
    "node_modules/zenn-cli": {
      "version": "0.2.3",
      "resolved": "https://registry.npmjs.org/zenn-cli/-/zenn-cli-0.2.3.tgz",
      "integrity": "sha512-ghYpg2foOeFExvtWKDFSjCsq+utYf84jApw37Wli1MnSAE1la40GZ47kXQDQKeh/1LV2AT0LDMYWbmE64Z4ZSg==",
      "license": "MIT",
      "bin": {
        "zenn": "dist/server/zenn.js"
      },
      "engines": {
        "node": ">=14.0.0"
      }
    }
  }
}
